
Microsoft Visual Studio Solution File, Format Version 12.00
# Visual Studio Version 17
VisualStudioVersion = 17.2.32317.152
MinimumVisualStudioVersion = 10.0.40219.1
Project("{9A19103F-16F7-4668-BE54-9A1E7A4F7556}") = "Celin.AIS.Form", "Celin.AIS.Form.csproj", "{757E29EB-1AB3-4412-9171-01F9432DE7C6}"
EndProject
Project("{9A19103F-16F7-4668-BE54-9A1E7A4F7556}") = "Celin.AIS", "..\Celin.AIS\Celin.AIS.csproj", "{2936E662-52FD-4AC7-99D6-37BFC88BC4F6}"
EndProject
Project("{9A19103F-16F7-4668-BE54-9A1E7A4F7556}") = "Celin.AIS.Data", "..\Celin.AIS.Data\Celin.AIS.Data.csproj", "{A74BE83B-132A-479E-B6F4-33BC23B216CF}"
EndProject
Global
	GlobalSection(SolutionConfigurationPlatforms) = preSolution
		Debug|Any CPU = Debug|Any CPU
		Release|Any CPU = Release|Any CPU
	EndGlobalSection
	GlobalSection(ProjectConfigurationPlatforms) = postSolution
		{757E29EB-1AB3-4412-9171-01F9432DE7C6}.Debug|Any CPU.ActiveCfg = Debug|Any CPU
		{757E29EB-1AB3-4412-9171-01F9432DE7C6}.Debug|Any CPU.Build.0 = Debug|Any CPU
		{757E29EB-1AB3-4412-9171-01F9432DE7C6}.Release|Any CPU.ActiveCfg = Release|Any CPU
		{757E29EB-1AB3-4412-9171-01F9432DE7C6}.Release|Any CPU.Build.0 = Release|Any CPU
		{2936E662-52FD-4AC7-99D6-37BFC88BC4F6}.Debug|Any CPU.ActiveCfg = Debug|Any CPU
		{2936E662-52FD-4AC7-99D6-37BFC88BC4F6}.Debug|Any CPU.Build.0 = Debug|Any CPU
		{2936E662-52FD-4AC7-99D6-37BFC88BC4F6}.Release|Any CPU.ActiveCfg = Release|Any CPU
		{2936E662-52FD-4AC7-99D6-37BFC88BC4F6}.Release|Any CPU.Build.0 = Release|Any CPU
		{A74BE83B-132A-479E-B6F4-33BC23B216CF}.Debug|Any CPU.ActiveCfg = Debug|Any CPU
		{A74BE83B-132A-479E-B6F4-33BC23B216CF}.Debug|Any CPU.Build.0 = Debug|Any CPU
		{A74BE83B-132A-479E-B6F4-33BC23B216CF}.Release|Any CPU.ActiveCfg = Release|Any CPU
		{A74BE83B-132A-479E-B6F4-33BC23B216CF}.Release|Any CPU.Build.0 = Release|Any CPU
	EndGlobalSection
	GlobalSection(SolutionProperties) = preSolution
		HideSolutionNode = FALSE
	EndGlobalSection
	GlobalSection(ExtensibilityGlobals) = postSolution
		SolutionGuid = {07BD55F2-7ACD-4BA8-AB00-8C1D3F974E51}
	EndGlobalSection
EndGlobal
